
Microsoft Visual Studio Solution File, Format Version 12.00
# Visual Studio Version 17
VisualStudioVersion = 17.9.34321.82
MinimumVisualStudioVersion = 10.0.40219.1
Project("{9A19103F-16F7-4668-BE54-9A1E7A4F7556}") = "IdentityManagerServerApi", "IdentityManagerServerApi\IdentityManagerServerApi.csproj", "{0D0D17E3-24C5-427C-B070-087C438F349B}"
EndProject
Project("{9A19103F-16F7-4668-BE54-9A1E7A4F7556}") = "SharedClassLibrary", "SharedClassLibrary\SharedClassLibrary.csproj", "{F1BD98E6-251D-4A55-B5EC-0EB8996651A3}"
EndProject
Project("{FAE04EC0-301F-11D3-BF4B-00C04F79EFBC}") = "BlazorWebAssemblyApp", "BlazorWebAssemblyApp\BlazorWebAssemblyApp.csproj", "{CFBC2DF7-0B89-4B36-A59D-F8E9EBA4B166}"
EndProject
Global
	GlobalSection(SolutionConfigurationPlatforms) = preSolution
		Debug|Any CPU = Debug|Any CPU
		Release|Any CPU = Release|Any CPU
	EndGlobalSection
	GlobalSection(ProjectConfigurationPlatforms) = postSolution
		{0D0D17E3-24C5-427C-B070-087C438F349B}.Debug|Any CPU.ActiveCfg = Debug|Any CPU
		{0D0D17E3-24C5-427C-B070-087C438F349B}.Debug|Any CPU.Build.0 = Debug|Any CPU
		{0D0D17E3-24C5-427C-B070-087C438F349B}.Release|Any CPU.ActiveCfg = Release|Any CPU
		{0D0D17E3-24C5-427C-B070-087C438F349B}.Release|Any CPU.Build.0 = Release|Any CPU
		{F1BD98E6-251D-4A55-B5EC-0EB8996651A3}.Debug|Any CPU.ActiveCfg = Debug|Any CPU
		{F1BD98E6-251D-4A55-B5EC-0EB8996651A3}.Debug|Any CPU.Build.0 = Debug|Any CPU
		{F1BD98E6-251D-4A55-B5EC-0EB8996651A3}.Release|Any CPU.ActiveCfg = Release|Any CPU
		{F1BD98E6-251D-4A55-B5EC-0EB8996651A3}.Release|Any CPU.Build.0 = Release|Any CPU
		{CFBC2DF7-0B89-4B36-A59D-F8E9EBA4B166}.Debug|Any CPU.ActiveCfg = Debug|Any CPU
		{CFBC2DF7-0B89-4B36-A59D-F8E9EBA4B166}.Debug|Any CPU.Build.0 = Debug|Any CPU
		{CFBC2DF7-0B89-4B36-A59D-F8E9EBA4B166}.Release|Any CPU.ActiveCfg = Release|Any CPU
		{CFBC2DF7-0B89-4B36-A59D-F8E9EBA4B166}.Release|Any CPU.Build.0 = Release|Any CPU
	EndGlobalSection
	GlobalSection(SolutionProperties) = preSolution
		HideSolutionNode = FALSE
	EndGlobalSection
	GlobalSection(ExtensibilityGlobals) = postSolution
		SolutionGuid = {CF91A460-05D5-4FC1-A70B-47A861A03E56}
	EndGlobalSection
EndGlobal
